// !$*UTF8*$!
{
	archiveVersion = 1;
	classes = {
	};
	objectVersion = 46;
	objects = {

/* Begin PBXBuildFile section */
		636BE3C11B51C3F8A11475D0 /* Pods_My_First_Application.framework in Frameworks */ = {isa = PBXBuildFile; fileRef = 14192561E9A637B080EE871C /* Pods_My_First_Application.framework */; };
		AADABEBF1DC0B918000676CD /* DetailViewController.swift in Sources */ = {isa = PBXBuildFile; fileRef = AADABEBE1DC0B918000676CD /* DetailViewController.swift */; };
		DA03FB4E1DB77CD100AD6AB0 /* AppDelegate.swift in Sources */ = {isa = PBXBuildFile; fileRef = DA03FB4D1DB77CD100AD6AB0 /* AppDelegate.swift */; };
		DA03FB501DB77CD100AD6AB0 /* ViewController.swift in Sources */ = {isa = PBXBuildFile; fileRef = DA03FB4F1DB77CD100AD6AB0 /* ViewController.swift */; };
		DA03FB531DB77CD100AD6AB0 /* Main.storyboard in Resources */ = {isa = PBXBuildFile; fileRef = DA03FB511DB77CD100AD6AB0 /* Main.storyboard */; };
		DA03FB551DB77CD100AD6AB0 /* Assets.xcassets in Resources */ = {isa = PBXBuildFile; fileRef = DA03FB541DB77CD100AD6AB0 /* Assets.xcassets */; };
		DA03FB581DB77CD100AD6AB0 /* LaunchScreen.storyboard in Resources */ = {isa = PBXBuildFile; fileRef = DA03FB561DB77CD100AD6AB0 /* LaunchScreen.storyboard */; };
		DA13C6781DC9EAED00E45AC0 /* SWRequestManager.swift in Sources */ = {isa = PBXBuildFile; fileRef = DA13C6771DC9EAED00E45AC0 /* SWRequestManager.swift */; };
		DA6778C71DCA000A00BF63EB /* RootWeatherCell.swift in Sources */ = {isa = PBXBuildFile; fileRef = DA6778C61DCA000A00BF63EB /* RootWeatherCell.swift */; };
/* End PBXBuildFile section */

/* Begin PBXFileReference section */
		14192561E9A637B080EE871C /* Pods_My_First_Application.framework */ = {isa = PBXFileReference; explicitFileType = wrapper.framework; includeInIndex = 0; path = Pods_My_First_Application.framework; sourceTree = BUILT_PRODUCTS_DIR; };
		8108B05EF47FF468FA3B4BCF /* Pods-My First Application.release.xcconfig */ = {isa = PBXFileReference; includeInIndex = 1; lastKnownFileType = text.xcconfig; name = "Pods-My First Application.release.xcconfig"; path = "Pods/Target Support Files/Pods-My First Application/Pods-My First Application.release.xcconfig"; sourceTree = "<group>"; };
		AADABEBE1DC0B918000676CD /* DetailViewController.swift */ = {isa = PBXFileReference; fileEncoding = 4; lastKnownFileType = sourcecode.swift; path = DetailViewController.swift; sourceTree = "<group>"; };
		CB39C1FC109924FEAF808359 /* Pods-My First Application.debug.xcconfig */ = {isa = PBXFileReference; includeInIndex = 1; lastKnownFileType = text.xcconfig; name = "Pods-My First Application.debug.xcconfig"; path = "Pods/Target Support Files/Pods-My First Application/Pods-My First Application.debug.xcconfig"; sourceTree = "<group>"; };
		DA03FB4A1DB77CD000AD6AB0 /* My First Application.app */ = {isa = PBXFileReference; explicitFileType = wrapper.application; includeInIndex = 0; path = "My First Application.app"; sourceTree = BUILT_PRODUCTS_DIR; };
		DA03FB4D1DB77CD100AD6AB0 /* AppDelegate.swift */ = {isa = PBXFileReference; lastKnownFileType = sourcecode.swift; path = AppDelegate.swift; sourceTree = "<group>"; };
		DA03FB4F1DB77CD100AD6AB0 /* ViewController.swift */ = {isa = PBXFileReference; lastKnownFileType = sourcecode.swift; path = ViewController.swift; sourceTree = "<group>"; };
		DA03FB521DB77CD100AD6AB0 /* Base */ = {isa = PBXFileReference; lastKnownFileType = file.storyboard; name = Base; path = Base.lproj/Main.storyboard; sourceTree = "<group>"; };
		DA03FB541DB77CD100AD6AB0 /* Assets.xcassets */ = {isa = PBXFileReference; lastKnownFileType = folder.assetcatalog; path = Assets.xcassets; sourceTree = "<group>"; };
		DA03FB571DB77CD100AD6AB0 /* Base */ = {isa = PBXFileReference; lastKnownFileType = file.storyboard; name = Base; path = Base.lproj/LaunchScreen.storyboard; sourceTree = "<group>"; };
		DA03FB591DB77CD100AD6AB0 /* Info.plist */ = {isa = PBXFileReference; lastKnownFileType = text.plist.xml; path = Info.plist; sourceTree = "<group>"; };
		DA13C6771DC9EAED00E45AC0 /* SWRequestManager.swift */ = {isa = PBXFileReference; fileEncoding = 4; lastKnownFileType = sourcecode.swift; name = SWRequestManager.swift; path = Manager/SWRequestManager.swift; sourceTree = "<group>"; };
		DA6778C61DCA000A00BF63EB /* RootWeatherCell.swift */ = {isa = PBXFileReference; fileEncoding = 4; lastKnownFileType = sourcecode.swift; path = RootWeatherCell.swift; sourceTree = "<group>"; };
/* End PBXFileReference section */

/* Begin PBXFrameworksBuildPhase section */
		DA03FB471DB77CD000AD6AB0 /* Frameworks */ = {
			isa = PBXFrameworksBuildPhase;
			buildActionMask = 2147483647;
			files = (
				636BE3C11B51C3F8A11475D0 /* Pods_My_First_Application.framework in Frameworks */,
			);
			runOnlyForDeploymentPostprocessing = 0;
		};
/* End PBXFrameworksBuildPhase section */

/* Begin PBXGroup section */
		C486FDFA365E9BCEAFBFBDC1 /* Pods */ = {
			isa = PBXGroup;
			children = (
				CB39C1FC109924FEAF808359 /* Pods-My First Application.debug.xcconfig */,
				8108B05EF47FF468FA3B4BCF /* Pods-My First Application.release.xcconfig */,
			);
			name = Pods;
			sourceTree = "<group>";
		};
		DA03FB411DB77CD000AD6AB0 = {
			isa = PBXGroup;
			children = (
				DA03FB4C1DB77CD000AD6AB0 /* My First Application */,
				DA03FB4B1DB77CD000AD6AB0 /* Products */,
				C486FDFA365E9BCEAFBFBDC1 /* Pods */,
				EFF516E07AB4DB1600B00844 /* Frameworks */,
			);
			sourceTree = "<group>";
		};
		DA03FB4B1DB77CD000AD6AB0 /* Products */ = {
			isa = PBXGroup;
			children = (
				DA03FB4A1DB77CD000AD6AB0 /* My First Application.app */,
			);
			name = Products;
			sourceTree = "<group>";
		};
		DA03FB4C1DB77CD000AD6AB0 /* My First Application */ = {
			isa = PBXGroup;
			children = (
				DA03FB4D1DB77CD100AD6AB0 /* AppDelegate.swift */,
				DA03FB4F1DB77CD100AD6AB0 /* ViewController.swift */,
				DA03FB511DB77CD100AD6AB0 /* Main.storyboard */,
				DA03FB541DB77CD100AD6AB0 /* Assets.xcassets */,
				DA03FB561DB77CD100AD6AB0 /* LaunchScreen.storyboard */,
				DA03FB591DB77CD100AD6AB0 /* Info.plist */,
				AADABEBE1DC0B918000676CD /* DetailViewController.swift */,
				DA13C6771DC9EAED00E45AC0 /* SWRequestManager.swift */,
				DA6778C61DCA000A00BF63EB /* RootWeatherCell.swift */,
			);
			path = "My First Application";
			sourceTree = "<group>";
		};
		EFF516E07AB4DB1600B00844 /* Frameworks */ = {
			isa = PBXGroup;
			children = (
				14192561E9A637B080EE871C /* Pods_My_First_Application.framework */,
			);
			name = Frameworks;
			sourceTree = "<group>";
		};
/* End PBXGroup section */

/* Begin PBXNativeTarget section */
		DA03FB491DB77CD000AD6AB0 /* My First Application */ = {
			isa = PBXNativeTarget;
			buildConfigurationList = DA03FB5C1DB77CD100AD6AB0 /* Build configuration list for PBXNativeTarget "My First Application" */;
			buildPhases = (
				8D9FC48C16DFF17CFFAE36BC /* [CP] Check Pods Manifest.lock */,
				DA03FB461DB77CD000AD6AB0 /* Sources */,
				DA03FB471DB77CD000AD6AB0 /* Frameworks */,
				DA03FB481DB77CD000AD6AB0 /* Resources */,
				836DD43217583F70DCFDC1A6 /* [CP] Embed Pods Frameworks */,
				C7AA34AD90EEFC9CF175C27B /* [CP] Copy Pods Resources */,
			);
			buildRules = (
			);
			dependencies = (
			);
			name = "My First Application";
			productName = "My First Application";
			productReference = DA03FB4A1DB77CD000AD6AB0 /* My First Application.app */;
			productType = "com.apple.product-type.application";
		};
/* End PBXNativeTarget section */

/* Begin PBXProject section */
		DA03FB421DB77CD000AD6AB0 /* Project object */ = {
			isa = PBXProject;
			attributes = {
				LastSwiftUpdateCheck = 0730;
				LastUpgradeCheck = 0730;
				ORGANIZATIONNAME = "François Mathieu";
				TargetAttributes = {
					DA03FB491DB77CD000AD6AB0 = {
						CreatedOnToolsVersion = 7.3;
					};
				};
			};
			buildConfigurationList = DA03FB451DB77CD000AD6AB0 /* Build configuration list for PBXProject "My First Application" */;
			compatibilityVersion = "Xcode 3.2";
			developmentRegion = English;
			hasScannedForEncodings = 0;
			knownRegions = (
				en,
				Base,
			);
			mainGroup = DA03FB411DB77CD000AD6AB0;
			productRefGroup = DA03FB4B1DB77CD000AD6AB0 /* Products */;
			projectDirPath = "";
			projectRoot = "";
			targets = (
				DA03FB491DB77CD000AD6AB0 /* My First Application */,
			);
		};
/* End PBXProject section */

/* Begin PBXResourcesBuildPhase section */
		DA03FB481DB77CD000AD6AB0 /* Resources */ = {
			isa = PBXResourcesBuildPhase;
			buildActionMask = 2147483647;
			files = (
				DA03FB581DB77CD100AD6AB0 /* LaunchScreen.storyboard in Resources */,
				DA03FB551DB77CD100AD6AB0 /* Assets.xcassets in Resources */,
				DA03FB531DB77CD100AD6AB0 /* Main.storyboard in Resources */,
			);
			runOnlyForDeploymentPostprocessing = 0;
		};
/* End PBXResourcesBuildPhase section */

/* Begin PBXShellScriptBuildPhase section */
		836DD43217583F70DCFDC1A6 /* [CP] Embed Pods Frameworks */ = {
			isa = PBXShellScriptBuildPhase;
			buildActionMask = 2147483647;
			files = (
			);
			inputPaths = (
			);
			name = "[CP] Embed Pods Frameworks";
			outputPaths = (
			);
			runOnlyForDeploymentPostprocessing = 0;
			shellPath = /bin/sh;
			shellScript = "\"${SRCROOT}/Pods/Target Support Files/Pods-My First Application/Pods-My First Application-frameworks.sh\"\n";
			showEnvVarsInLog = 0;
		};
		8D9FC48C16DFF17CFFAE36BC /* [CP] Check Pods Manifest.lock */ = {
			isa = PBXShellScriptBuildPhase;
			buildActionMask = 2147483647;
			files = (
			);
			inputPaths = (
			);
			name = "[CP] Check Pods Manifest.lock";
			outputPaths = (
			);
			runOnlyForDeploymentPostprocessing = 0;
			shellPath = /bin/sh;
			shellScript = "diff \"${PODS_ROOT}/../Podfile.lock\" \"${PODS_ROOT}/Manifest.lock\" > /dev/null\nif [ $? != 0 ] ; then\n    # print error to STDERR\n    echo \"error: The sandbox is not in sync with the Podfile.lock. Run 'pod install' or update your CocoaPods installation.\" >&2\n    exit 1\nfi\n";
			showEnvVarsInLog = 0;
		};
		C7AA34AD90EEFC9CF175C27B /* [CP] Copy Pods Resources */ = {
			isa = PBXShellScriptBuildPhase;
			buildActionMask = 2147483647;
			files = (
			);
			inputPaths = (
			);
			name = "[CP] Copy Pods Resources";
			outputPaths = (
			);
			runOnlyForDeploymentPostprocessing = 0;
			shellPath = /bin/sh;
			shellScript = "\"${SRCROOT}/Pods/Target Support Files/Pods-My First Application/Pods-My First Application-resources.sh\"\n";
			showEnvVarsInLog = 0;
		};
/* End PBXShellScriptBuildPhase section */

/* Begin PBXSourcesBuildPhase section */
		DA03FB461DB77CD000AD6AB0 /* Sources */ = {
			isa = PBXSourcesBuildPhase;
			buildActionMask = 2147483647;
			files = (
				AADABEBF1DC0B918000676CD /* DetailViewController.swift in Sources */,
				DA03FB501DB77CD100AD6AB0 /* ViewController.swift in Sources */,
				DA03FB4E1DB77CD100AD6AB0 /* AppDelegate.swift in Sources */,
				DA6778C71DCA000A00BF63EB /* RootWeatherCell.swift in Sources */,
				DA13C6781DC9EAED00E45AC0 /* SWRequestManager.swift in Sources */,
			);
			runOnlyForDeploymentPostprocessing = 0;
		};
/* End PBXSourcesBuildPhase section */

/* Begin PBXVariantGroup section */
		DA03FB511DB77CD100AD6AB0 /* Main.storyboard */ = {
			isa = PBXVariantGroup;
			children = (
				DA03FB521DB77CD100AD6AB0 /* Base */,
			);
			name = Main.storyboard;
			sourceTree = "<group>";
		};
		DA03FB561DB77CD100AD6AB0 /* LaunchScreen.storyboard */ = {
			isa = PBXVariantGroup;
			children = (
				DA03FB571DB77CD100AD6AB0 /* Base */,
			);
			name = LaunchScreen.storyboard;
			sourceTree = "<group>";
		};
/* End PBXVariantGroup section */

/* Begin XCBuildConfiguration section */
		DA03FB5A1DB77CD100AD6AB0 /* Debug */ = {
			isa = XCBuildConfiguration;
			buildSettings = {
				ALWAYS_SEARCH_USER_PATHS = NO;
				CLANG_ANALYZER_NONNULL = YES;
				CLANG_CXX_LANGUAGE_STANDARD = "gnu++0x";
				CLANG_CXX_LIBRARY = "libc++";
				CLANG_ENABLE_MODULES = YES;
				CLANG_ENABLE_OBJC_ARC = YES;
				CLANG_WARN_BOOL_CONVERSION = YES;
				CLANG_WARN_CONSTANT_CONVERSION = YES;
				CLANG_WARN_DIRECT_OBJC_ISA_USAGE = YES_ERROR;
				CLANG_WARN_EMPTY_BODY = YES;
				CLANG_WARN_ENUM_CONVERSION = YES;
				CLANG_WARN_INT_CONVERSION = YES;
				CLANG_WARN_OBJC_ROOT_CLASS = YES_ERROR;
				CLANG_WARN_UNREACHABLE_CODE = YES;
				CLANG_WARN__DUPLICATE_METHOD_MATCH = YES;
				"CODE_SIGN_IDENTITY[sdk=iphoneos*]" = "iPhone Developer";
				COPY_PHASE_STRIP = NO;
				DEBUG_INFORMATION_FORMAT = dwarf;
				ENABLE_STRICT_OBJC_MSGSEND = YES;
				ENABLE_TESTABILITY = YES;
				GCC_C_LANGUAGE_STANDARD = gnu99;
				GCC_DYNAMIC_NO_PIC = NO;
				GCC_NO_COMMON_BLOCKS = YES;
				GCC_OPTIMIZATION_LEVEL = 0;
				GCC_PREPROCESSOR_DEFINITIONS = (
					"DEBUG=1",
					"$(inherited)",
				);
				GCC_WARN_64_TO_32_BIT_CONVERSION = YES;
				GCC_WARN_ABOUT_RETURN_TYPE = YES_ERROR;
				GCC_WARN_UNDECLARED_SELECTOR = YES;
				GCC_WARN_UNINITIALIZED_AUTOS = YES_AGGRESSIVE;
				GCC_WARN_UNUSED_FUNCTION = YES;
				GCC_WARN_UNUSED_VARIABLE = YES;
				IPHONEOS_DEPLOYMENT_TARGET = 9.3;
				MTL_ENABLE_DEBUG_INFO = YES;
				ONLY_ACTIVE_ARCH = YES;
				SDKROOT = iphoneos;
				SWIFT_OPTIMIZATION_LEVEL = "-Onone";
				TARGETED_DEVICE_FAMILY = "1,2";
			};
			name = Debug;
		};
		DA03FB5B1DB77CD100AD6AB0 /* Release */ = {
			isa = XCBuildConfiguration;
			buildSettings = {
				ALWAYS_SEARCH_USER_PATHS = NO;
				CLANG_ANALYZER_NONNULL = YES;
				CLANG_CXX_LANGUAGE_STANDARD = "gnu++0x";
				CLANG_CXX_LIBRARY = "libc++";
				CLANG_ENABLE_MODULES = YES;
				CLANG_ENABLE_OBJC_ARC = YES;
				CLANG_WARN_BOOL_CONVERSION = YES;
				CLANG_WARN_CONSTANT_CONVERSION = YES;
				CLANG_WARN_DIRECT_OBJC_ISA_USAGE = YES_ERROR;
				CLANG_WARN_EMPTY_BODY = YES;
				CLANG_WARN_ENUM_CONVERSION = YES;
				CLANG_WARN_INT_CONVERSION = YES;
				CLANG_WARN_OBJC_ROOT_CLASS = YES_ERROR;
				CLANG_WARN_UNREACHABLE_CODE = YES;
				CLANG_WARN__DUPLICATE_METHOD_MATCH = YES;
				"CODE_SIGN_IDENTITY[sdk=iphoneos*]" = "iPhone Developer";
				COPY_PHASE_STRIP = NO;
				DEBUG_INFORMATION_FORMAT = "dwarf-with-dsym";
				ENABLE_NS_ASSERTIONS = NO;
				ENABLE_STRICT_OBJC_MSGSEND = YES;
				GCC_C_LANGUAGE_STANDARD = gnu99;
				GCC_NO_COMMON_BLOCKS = YES;
				GCC_WARN_64_TO_32_BIT_CONVERSION = YES;
				GCC_WARN_ABOUT_RETURN_TYPE = YES_ERROR;
				GCC_WARN_UNDECLARED_SELECTOR = YES;
				GCC_WARN_UNINITIALIZED_AUTOS = YES_AGGRESSIVE;
				GCC_WARN_UNUSED_FUNCTION = YES;
				GCC_WARN_UNUSED_VARIABLE = YES;
				IPHONEOS_DEPLOYMENT_TARGET = 9.3;
				MTL_ENABLE_DEBUG_INFO = NO;
				SDKROOT = iphoneos;
				TARGETED_DEVICE_FAMILY = "1,2";
				VALIDATE_PRODUCT = YES;
			};
			name = Release;
		};
		DA03FB5D1DB77CD100AD6AB0 /* Debug */ = {
			isa = XCBuildConfiguration;
			baseConfigurationReference = CB39C1FC109924FEAF808359 /* Pods-My First Application.debug.xcconfig */;
			buildSettings = {
				ASSETCATALOG_COMPILER_APPICON_NAME = AppIcon;
				CODE_SIGN_IDENTITY = "iPhone Developer";
				INFOPLIST_FILE = "My First Application/Info.plist";
				IPHONEOS_DEPLOYMENT_TARGET = 9.0;
				LD_RUNPATH_SEARCH_PATHS = "$(inherited) @executable_path/Frameworks";
				PRODUCT_BUNDLE_IDENTIFIER = TODO;
				PRODUCT_NAME = "$(TARGET_NAME)";
			};
			name = Debug;
		};
		DA03FB5E1DB77CD100AD6AB0 /* Release */ = {
			isa = XCBuildConfiguration;
			baseConfigurationReference = 8108B05EF47FF468FA3B4BCF /* Pods-My First Application.release.xcconfig */;
			buildSettings = {
				ASSETCATALOG_COMPILER_APPICON_NAME = AppIcon;
				CODE_SIGN_IDENTITY = "iPhone Developer";
				INFOPLIST_FILE = "My First Application/Info.plist";
				IPHONEOS_DEPLOYMENT_TARGET = 9.0;
				LD_RUNPATH_SEARCH_PATHS = "$(inherited) @executable_path/Frameworks";
				PRODUCT_BUNDLE_IDENTIFIER = TODO;
				PRODUCT_NAME = "$(TARGET_NAME)";
			};
			name = Release;
		};
/* End XCBuildConfiguration section */

/* Begin XCConfigurationList section */
		DA03FB451DB77CD000AD6AB0 /* Build configuration list for PBXProject "My First Application" */ = {
			isa = XCConfigurationList;
			buildConfigurations = (
				DA03FB5A1DB77CD100AD6AB0 /* Debug */,
				DA03FB5B1DB77CD100AD6AB0 /* Release */,
			);
			defaultConfigurationIsVisible = 0;
			defaultConfigurationName = Release;
		};
		DA03FB5C1DB77CD100AD6AB0 /* Build configuration list for PBXNativeTarget "My First Application" */ = {
			isa = XCConfigurationList;
			buildConfigurations = (
				DA03FB5D1DB77CD100AD6AB0 /* Debug */,
				DA03FB5E1DB77CD100AD6AB0 /* Release */,
			);
			defaultConfigurationIsVisible = 0;
			defaultConfigurationName = Release;
		};
/* End XCConfigurationList section */
	};
	rootObject = DA03FB421DB77CD000AD6AB0 /* Project object */;
}
